// !$*UTF8*$!
{
	archiveVersion = 1;
	classes = {
	};
	objectVersion = 56;
	objects = {

/* Begin PBXBuildFile section */
		5728AD6029D23F9400719A14 /* GoogleService-Info.plist in Resources */ = {isa = PBXBuildFile; fileRef = 5728AD5F29D23F9400719A14 /* GoogleService-Info.plist */; };
		5728AD6229D2400400719A14 /* CardView.swift in Sources */ = {isa = PBXBuildFile; fileRef = 5728AD6129D2400400719A14 /* CardView.swift */; };
		57CFCD8129EDD1AB00D66ED4 /* TestsView.swift in Sources */ = {isa = PBXBuildFile; fileRef = 57CFCD8029EDD1AB00D66ED4 /* TestsView.swift */; };
		57CFCD8329EDD68100D66ED4 /* ReactionTest.swift in Sources */ = {isa = PBXBuildFile; fileRef = 57CFCD8229EDD68100D66ED4 /* ReactionTest.swift */; };
		57CFCD8529EDFF4100D66ED4 /* SAGETest.swift in Sources */ = {isa = PBXBuildFile; fileRef = 57CFCD8429EDFF4100D66ED4 /* SAGETest.swift */; };
		9F2461BD298422A70060574F /* auth.swift in Sources */ = {isa = PBXBuildFile; fileRef = 9F2461BC298422A70060574F /* auth.swift */; };
		9F2461C1298431520060574F /* SignUpView.swift in Sources */ = {isa = PBXBuildFile; fileRef = 9F2461C0298431520060574F /* SignUpView.swift */; };
		9F2461C5298445400060574F /* DashBoardView.swift in Sources */ = {isa = PBXBuildFile; fileRef = 9F2461C4298445400060574F /* DashBoardView.swift */; };
		9F2461C72984460E0060574F /* StatisticsView.swift in Sources */ = {isa = PBXBuildFile; fileRef = 9F2461C62984460E0060574F /* StatisticsView.swift */; };
		9F2461C9298446250060574F /* SettingsView.swift in Sources */ = {isa = PBXBuildFile; fileRef = 9F2461C8298446250060574F /* SettingsView.swift */; };
		9F2461CC298458EF0060574F /* HealthStore.swift in Sources */ = {isa = PBXBuildFile; fileRef = 9F2461CB298458EF0060574F /* HealthStore.swift */; };
		9F2461CE2984A2A70060574F /* styles.swift in Sources */ = {isa = PBXBuildFile; fileRef = 9F2461CD2984A2A70060574F /* styles.swift */; };
		9F2461D02984B3650060574F /* Step.swift in Sources */ = {isa = PBXBuildFile; fileRef = 9F2461CF2984B3650060574F /* Step.swift */; };
		9F2461D32984B4030060574F /* ActivityView.swift in Sources */ = {isa = PBXBuildFile; fileRef = 9F2461D22984B4030060574F /* ActivityView.swift */; };
		9F2461D52984C5340060574F /* HealthStat.swift in Sources */ = {isa = PBXBuildFile; fileRef = 9F2461D42984C5340060574F /* HealthStat.swift */; };
		9F2461D72984C57E0060574F /* Activity.swift in Sources */ = {isa = PBXBuildFile; fileRef = 9F2461D62984C57E0060574F /* Activity.swift */; };
		9F2461D92984C81A0060574F /* ActivityViewModel.swift in Sources */ = {isa = PBXBuildFile; fileRef = 9F2461D82984C81A0060574F /* ActivityViewModel.swift */; };
		9F6F1A7229AD5EF1007F70D5 /* ProfileView.swift in Sources */ = {isa = PBXBuildFile; fileRef = 9F6F1A7129AD5EF1007F70D5 /* ProfileView.swift */; };
		9F6F1A7A29B19FBE007F70D5 /* SwiftUICharts in Frameworks */ = {isa = PBXBuildFile; productRef = 9F6F1A7929B19FBE007F70D5 /* SwiftUICharts */; };
		9F6F1A7C29B245CC007F70D5 /* ActivityFullView.swift in Sources */ = {isa = PBXBuildFile; fileRef = 9F6F1A7B29B245CC007F70D5 /* ActivityFullView.swift */; };
		9F6F1A7F29B67C77007F70D5 /* Onboarding.swift in Sources */ = {isa = PBXBuildFile; fileRef = 9F6F1A7E29B67C77007F70D5 /* Onboarding.swift */; };
		9F6F1A8229B67E17007F70D5 /* InfoStep.swift in Sources */ = {isa = PBXBuildFile; fileRef = 9F6F1A8129B67E17007F70D5 /* InfoStep.swift */; };
		9F6F1A8429B67EAF007F70D5 /* AgeStep.swift in Sources */ = {isa = PBXBuildFile; fileRef = 9F6F1A8329B67EAF007F70D5 /* AgeStep.swift */; };
		9F6F1A8629B67F6C007F70D5 /* FamilyHistoryStep.swift in Sources */ = {isa = PBXBuildFile; fileRef = 9F6F1A8529B67F6C007F70D5 /* FamilyHistoryStep.swift */; };
		9F6F1A8829B6A4E9007F70D5 /* SummaryStep.swift in Sources */ = {isa = PBXBuildFile; fileRef = 9F6F1A8729B6A4E9007F70D5 /* SummaryStep.swift */; };
		9F6F1A8A29B6AD54007F70D5 /* MetricDetail.swift in Sources */ = {isa = PBXBuildFile; fileRef = 9F6F1A8929B6AD54007F70D5 /* MetricDetail.swift */; };
		9F72C8DC29CA015F00CB5D0B /* FirebaseAnalytics in Frameworks */ = {isa = PBXBuildFile; productRef = 9F72C8DB29CA015F00CB5D0B /* FirebaseAnalytics */; };
		9F72C8DE29CA015F00CB5D0B /* FirebaseAnalyticsSwift in Frameworks */ = {isa = PBXBuildFile; productRef = 9F72C8DD29CA015F00CB5D0B /* FirebaseAnalyticsSwift */; };
		9F72C8E029CA015F00CB5D0B /* FirebaseAuth in Frameworks */ = {isa = PBXBuildFile; productRef = 9F72C8DF29CA015F00CB5D0B /* FirebaseAuth */; };
		9F72C8E229CA015F00CB5D0B /* FirebaseDatabase in Frameworks */ = {isa = PBXBuildFile; productRef = 9F72C8E129CA015F00CB5D0B /* FirebaseDatabase */; };
		9F72C8E429CA015F00CB5D0B /* FirebaseDatabaseSwift in Frameworks */ = {isa = PBXBuildFile; productRef = 9F72C8E329CA015F00CB5D0B /* FirebaseDatabaseSwift */; };
		9F72C8E629CA015F00CB5D0B /* FirebaseFirestore in Frameworks */ = {isa = PBXBuildFile; productRef = 9F72C8E529CA015F00CB5D0B /* FirebaseFirestore */; };
		9F72C8E829CA015F00CB5D0B /* FirebaseFirestoreSwift in Frameworks */ = {isa = PBXBuildFile; productRef = 9F72C8E729CA015F00CB5D0B /* FirebaseFirestoreSwift */; };
		9F72C8EA29CA015F00CB5D0B /* FirebaseFunctions in Frameworks */ = {isa = PBXBuildFile; productRef = 9F72C8E929CA015F00CB5D0B /* FirebaseFunctions */; };
		9F72C8EC29CA015F00CB5D0B /* FirebaseStorage in Frameworks */ = {isa = PBXBuildFile; productRef = 9F72C8EB29CA015F00CB5D0B /* FirebaseStorage */; };
		9FB75A8C2982B65B00759F0F /* eADetectorApp.swift in Sources */ = {isa = PBXBuildFile; fileRef = 9FB75A8B2982B65B00759F0F /* eADetectorApp.swift */; };
		9FB75A8E2982B65B00759F0F /* ContentView.swift in Sources */ = {isa = PBXBuildFile; fileRef = 9FB75A8D2982B65B00759F0F /* ContentView.swift */; };
		9FB75A902982B65C00759F0F /* Assets.xcassets in Resources */ = {isa = PBXBuildFile; fileRef = 9FB75A8F2982B65C00759F0F /* Assets.xcassets */; };
		9FB75A942982B65C00759F0F /* Preview Assets.xcassets in Resources */ = {isa = PBXBuildFile; fileRef = 9FB75A932982B65C00759F0F /* Preview Assets.xcassets */; };
		9FB75A9B2982BBD900759F0F /* LoginView.swift in Sources */ = {isa = PBXBuildFile; fileRef = 9FB75A9A2982BBD900759F0F /* LoginView.swift */; };
		9FB75A9D2982BFFE00759F0F /* MainView.swift in Sources */ = {isa = PBXBuildFile; fileRef = 9FB75A9C2982BFFE00759F0F /* MainView.swift */; };
/* End PBXBuildFile section */

/* Begin PBXFileReference section */
		5728AD5F29D23F9400719A14 /* GoogleService-Info.plist */ = {isa = PBXFileReference; lastKnownFileType = text.plist.xml; name = "GoogleService-Info.plist"; path = "eADetector/GoogleService-Info.plist"; sourceTree = SOURCE_ROOT; };
		5728AD6129D2400400719A14 /* CardView.swift */ = {isa = PBXFileReference; lastKnownFileType = sourcecode.swift; name = CardView.swift; path = eADetector/components/CardView.swift; sourceTree = SOURCE_ROOT; };
		57CFCD8029EDD1AB00D66ED4 /* TestsView.swift */ = {isa = PBXFileReference; lastKnownFileType = sourcecode.swift; path = TestsView.swift; sourceTree = "<group>"; };
		57CFCD8229EDD68100D66ED4 /* ReactionTest.swift */ = {isa = PBXFileReference; lastKnownFileType = sourcecode.swift; name = ReactionTest.swift; path = eADetector/tabs/ReactionTest.swift; sourceTree = SOURCE_ROOT; };
		57CFCD8429EDFF4100D66ED4 /* SAGETest.swift */ = {isa = PBXFileReference; lastKnownFileType = sourcecode.swift; name = SAGETest.swift; path = eADetector/tabs/SAGETest.swift; sourceTree = SOURCE_ROOT; };
		9F2461BC298422A70060574F /* auth.swift */ = {isa = PBXFileReference; lastKnownFileType = sourcecode.swift; path = auth.swift; sourceTree = "<group>"; };
		9F2461C0298431520060574F /* SignUpView.swift */ = {isa = PBXFileReference; lastKnownFileType = sourcecode.swift; path = SignUpView.swift; sourceTree = "<group>"; };
		9F2461C4298445400060574F /* DashBoardView.swift */ = {isa = PBXFileReference; lastKnownFileType = sourcecode.swift; path = DashBoardView.swift; sourceTree = "<group>"; };
		9F2461C62984460E0060574F /* StatisticsView.swift */ = {isa = PBXFileReference; lastKnownFileType = sourcecode.swift; path = StatisticsView.swift; sourceTree = "<group>"; };
		9F2461C8298446250060574F /* SettingsView.swift */ = {isa = PBXFileReference; lastKnownFileType = sourcecode.swift; path = SettingsView.swift; sourceTree = "<group>"; };
		9F2461CB298458EF0060574F /* HealthStore.swift */ = {isa = PBXFileReference; lastKnownFileType = sourcecode.swift; path = HealthStore.swift; sourceTree = "<group>"; };
		9F2461CD2984A2A70060574F /* styles.swift */ = {isa = PBXFileReference; lastKnownFileType = sourcecode.swift; path = styles.swift; sourceTree = "<group>"; };
		9F2461CF2984B3650060574F /* Step.swift */ = {isa = PBXFileReference; lastKnownFileType = sourcecode.swift; path = Step.swift; sourceTree = "<group>"; };
		9F2461D22984B4030060574F /* ActivityView.swift */ = {isa = PBXFileReference; lastKnownFileType = sourcecode.swift; path = ActivityView.swift; sourceTree = "<group>"; };
		9F2461D42984C5340060574F /* HealthStat.swift */ = {isa = PBXFileReference; lastKnownFileType = sourcecode.swift; path = HealthStat.swift; sourceTree = "<group>"; };
		9F2461D62984C57E0060574F /* Activity.swift */ = {isa = PBXFileReference; lastKnownFileType = sourcecode.swift; path = Activity.swift; sourceTree = "<group>"; };
		9F2461D82984C81A0060574F /* ActivityViewModel.swift */ = {isa = PBXFileReference; lastKnownFileType = sourcecode.swift; path = ActivityViewModel.swift; sourceTree = "<group>"; };
		9F6F1A7129AD5EF1007F70D5 /* ProfileView.swift */ = {isa = PBXFileReference; lastKnownFileType = sourcecode.swift; path = ProfileView.swift; sourceTree = "<group>"; };
		9F6F1A7B29B245CC007F70D5 /* ActivityFullView.swift */ = {isa = PBXFileReference; lastKnownFileType = sourcecode.swift; path = ActivityFullView.swift; sourceTree = "<group>"; };
		9F6F1A7E29B67C77007F70D5 /* Onboarding.swift */ = {isa = PBXFileReference; lastKnownFileType = sourcecode.swift; path = Onboarding.swift; sourceTree = "<group>"; };
		9F6F1A8129B67E17007F70D5 /* InfoStep.swift */ = {isa = PBXFileReference; lastKnownFileType = sourcecode.swift; path = InfoStep.swift; sourceTree = "<group>"; };
		9F6F1A8329B67EAF007F70D5 /* AgeStep.swift */ = {isa = PBXFileReference; lastKnownFileType = sourcecode.swift; path = AgeStep.swift; sourceTree = "<group>"; };
		9F6F1A8529B67F6C007F70D5 /* FamilyHistoryStep.swift */ = {isa = PBXFileReference; lastKnownFileType = sourcecode.swift; path = FamilyHistoryStep.swift; sourceTree = "<group>"; };
		9F6F1A8729B6A4E9007F70D5 /* SummaryStep.swift */ = {isa = PBXFileReference; lastKnownFileType = sourcecode.swift; path = SummaryStep.swift; sourceTree = "<group>"; };
		9F6F1A8929B6AD54007F70D5 /* MetricDetail.swift */ = {isa = PBXFileReference; lastKnownFileType = sourcecode.swift; path = MetricDetail.swift; sourceTree = "<group>"; };
		9FB75A882982B65B00759F0F /* eADetector.app */ = {isa = PBXFileReference; explicitFileType = wrapper.application; includeInIndex = 0; path = eADetector.app; sourceTree = BUILT_PRODUCTS_DIR; };
		9FB75A8B2982B65B00759F0F /* eADetectorApp.swift */ = {isa = PBXFileReference; lastKnownFileType = sourcecode.swift; path = eADetectorApp.swift; sourceTree = "<group>"; };
		9FB75A8D2982B65B00759F0F /* ContentView.swift */ = {isa = PBXFileReference; lastKnownFileType = sourcecode.swift; path = ContentView.swift; sourceTree = "<group>"; };
		9FB75A8F2982B65C00759F0F /* Assets.xcassets */ = {isa = PBXFileReference; lastKnownFileType = folder.assetcatalog; path = Assets.xcassets; sourceTree = "<group>"; };
		9FB75A912982B65C00759F0F /* eADetector.entitlements */ = {isa = PBXFileReference; lastKnownFileType = text.plist.entitlements; path = eADetector.entitlements; sourceTree = "<group>"; };
		9FB75A932982B65C00759F0F /* Preview Assets.xcassets */ = {isa = PBXFileReference; lastKnownFileType = folder.assetcatalog; path = "Preview Assets.xcassets"; sourceTree = "<group>"; };
		9FB75A9A2982BBD900759F0F /* LoginView.swift */ = {isa = PBXFileReference; lastKnownFileType = sourcecode.swift; path = LoginView.swift; sourceTree = "<group>"; };
		9FB75A9C2982BFFE00759F0F /* MainView.swift */ = {isa = PBXFileReference; lastKnownFileType = sourcecode.swift; path = MainView.swift; sourceTree = "<group>"; };
/* End PBXFileReference section */

/* Begin PBXFrameworksBuildPhase section */
		9FB75A852982B65B00759F0F /* Frameworks */ = {
			isa = PBXFrameworksBuildPhase;
			buildActionMask = 2147483647;
			files = (
				9F72C8E429CA015F00CB5D0B /* FirebaseDatabaseSwift in Frameworks */,
				9F72C8E629CA015F00CB5D0B /* FirebaseFirestore in Frameworks */,
				9F72C8DE29CA015F00CB5D0B /* FirebaseAnalyticsSwift in Frameworks */,
				9F72C8E829CA015F00CB5D0B /* FirebaseFirestoreSwift in Frameworks */,
				9F72C8E029CA015F00CB5D0B /* FirebaseAuth in Frameworks */,
				9F72C8EC29CA015F00CB5D0B /* FirebaseStorage in Frameworks */,
				9F6F1A7A29B19FBE007F70D5 /* SwiftUICharts in Frameworks */,
				9F72C8DC29CA015F00CB5D0B /* FirebaseAnalytics in Frameworks */,
				9F72C8E229CA015F00CB5D0B /* FirebaseDatabase in Frameworks */,
				9F72C8EA29CA015F00CB5D0B /* FirebaseFunctions in Frameworks */,
			);
			runOnlyForDeploymentPostprocessing = 0;
		};
/* End PBXFrameworksBuildPhase section */

/* Begin PBXGroup section */
		9F2461BB2984229A0060574F /* utils */ = {
			isa = PBXGroup;
			children = (
				5728AD6129D2400400719A14 /* CardView.swift */,
				57CFCD8229EDD68100D66ED4 /* ReactionTest.swift */,
				57CFCD8429EDFF4100D66ED4 /* SAGETest.swift */,
			);
			path = utils;
			sourceTree = "<group>";
		};
		9F2461C2298433720060574F /* authViews */ = {
			isa = PBXGroup;
			children = (
				9FB75A9A2982BBD900759F0F /* LoginView.swift */,
				9F2461C0298431520060574F /* SignUpView.swift */,
			);
			path = authViews;
			sourceTree = "<group>";
		};
		9F2461C32984452E0060574F /* tabs */ = {
			isa = PBXGroup;
			children = (
				9F2461C4298445400060574F /* DashBoardView.swift */,
				9F2461C62984460E0060574F /* StatisticsView.swift */,
				57CFCD8029EDD1AB00D66ED4 /* TestsView.swift */,
			);
			path = tabs;
			sourceTree = "<group>";
		};
		9F2461CA298458DE0060574F /* healthKit */ = {
			isa = PBXGroup;
			children = (
				9F2461CB298458EF0060574F /* HealthStore.swift */,
				9F2461CF2984B3650060574F /* Step.swift */,
				9F2461D42984C5340060574F /* HealthStat.swift */,
				9F2461D62984C57E0060574F /* Activity.swift */,
			);
			path = healthKit;
			sourceTree = "<group>";
		};
		9F2461D12984B3EF0060574F /* components */ = {
			isa = PBXGroup;
			children = (
				9F2461D22984B4030060574F /* ActivityView.swift */,
				9F6F1A7B29B245CC007F70D5 /* ActivityFullView.swift */,
				9F2461D82984C81A0060574F /* ActivityViewModel.swift */,
				9F6F1A8929B6AD54007F70D5 /* MetricDetail.swift */,
			);
			path = components;
			sourceTree = "<group>";
		};
		9F6F1A7529AD93BB007F70D5 /* Settings */ = {
			isa = PBXGroup;
			children = (
				9F2461C8298446250060574F /* SettingsView.swift */,
				9F6F1A7629AD93C6007F70D5 /* components */,
			);
			path = Settings;
			sourceTree = "<group>";
		};
		9F6F1A7629AD93C6007F70D5 /* components */ = {
			isa = PBXGroup;
			children = (
				9F6F1A7129AD5EF1007F70D5 /* ProfileView.swift */,
			);
			path = components;
			sourceTree = "<group>";
		};
		9F6F1A7729AD93FB007F70D5 /* Authentication */ = {
			isa = PBXGroup;
			children = (
				9F2461C2298433720060574F /* authViews */,
				9F2461BC298422A70060574F /* auth.swift */,
			);
			path = Authentication;
			sourceTree = "<group>";
		};
		9F6F1A7D29B67C60007F70D5 /* Onboarding */ = {
			isa = PBXGroup;
			children = (
				9F6F1A8029B67E01007F70D5 /* Steps */,
				9F6F1A7E29B67C77007F70D5 /* Onboarding.swift */,
			);
			path = Onboarding;
			sourceTree = "<group>";
		};
		9F6F1A8029B67E01007F70D5 /* Steps */ = {
			isa = PBXGroup;
			children = (
				9F6F1A8129B67E17007F70D5 /* InfoStep.swift */,
				9F6F1A8329B67EAF007F70D5 /* AgeStep.swift */,
				9F6F1A8529B67F6C007F70D5 /* FamilyHistoryStep.swift */,
				9F6F1A8729B6A4E9007F70D5 /* SummaryStep.swift */,
			);
			path = Steps;
			sourceTree = "<group>";
		};
		9FB75A7F2982B65B00759F0F = {
			isa = PBXGroup;
			children = (
				9FB75A8A2982B65B00759F0F /* eADetector */,
				9FB75A892982B65B00759F0F /* Products */,
			);
			sourceTree = "<group>";
		};
		9FB75A892982B65B00759F0F /* Products */ = {
			isa = PBXGroup;
			children = (
				9FB75A882982B65B00759F0F /* eADetector.app */,
			);
			name = Products;
			sourceTree = "<group>";
		};
		9FB75A8A2982B65B00759F0F /* eADetector */ = {
			isa = PBXGroup;
			children = (
				5728AD5F29D23F9400719A14 /* GoogleService-Info.plist */,
				9F6F1A7D29B67C60007F70D5 /* Onboarding */,
				9F6F1A7729AD93FB007F70D5 /* Authentication */,
				9F6F1A7529AD93BB007F70D5 /* Settings */,
				9F2461D12984B3EF0060574F /* components */,
				9F2461CA298458DE0060574F /* healthKit */,
				9F2461C32984452E0060574F /* tabs */,
				9F2461BB2984229A0060574F /* utils */,
				9FB75A8B2982B65B00759F0F /* eADetectorApp.swift */,
				9FB75A8D2982B65B00759F0F /* ContentView.swift */,
				9FB75A9C2982BFFE00759F0F /* MainView.swift */,
				9FB75A8F2982B65C00759F0F /* Assets.xcassets */,
				9FB75A912982B65C00759F0F /* eADetector.entitlements */,
				9FB75A922982B65C00759F0F /* Preview Content */,
				9F2461CD2984A2A70060574F /* styles.swift */,
			);
			path = eADetector;
			sourceTree = "<group>";
		};
		9FB75A922982B65C00759F0F /* Preview Content */ = {
			isa = PBXGroup;
			children = (
				9FB75A932982B65C00759F0F /* Preview Assets.xcassets */,
			);
			path = "Preview Content";
			sourceTree = "<group>";
		};
/* End PBXGroup section */

/* Begin PBXNativeTarget section */
		9FB75A872982B65B00759F0F /* eADetector */ = {
			isa = PBXNativeTarget;
			buildConfigurationList = 9FB75A972982B65C00759F0F /* Build configuration list for PBXNativeTarget "eADetector" */;
			buildPhases = (
				9FB75A842982B65B00759F0F /* Sources */,
				9FB75A852982B65B00759F0F /* Frameworks */,
				9FB75A862982B65B00759F0F /* Resources */,
			);
			buildRules = (
			);
			dependencies = (
			);
			name = eADetector;
			packageProductDependencies = (
				9F6F1A7929B19FBE007F70D5 /* SwiftUICharts */,
				9F72C8DB29CA015F00CB5D0B /* FirebaseAnalytics */,
				9F72C8DD29CA015F00CB5D0B /* FirebaseAnalyticsSwift */,
				9F72C8DF29CA015F00CB5D0B /* FirebaseAuth */,
				9F72C8E129CA015F00CB5D0B /* FirebaseDatabase */,
				9F72C8E329CA015F00CB5D0B /* FirebaseDatabaseSwift */,
				9F72C8E529CA015F00CB5D0B /* FirebaseFirestore */,
				9F72C8E729CA015F00CB5D0B /* FirebaseFirestoreSwift */,
				9F72C8E929CA015F00CB5D0B /* FirebaseFunctions */,
				9F72C8EB29CA015F00CB5D0B /* FirebaseStorage */,
			);
			productName = eADetector;
			productReference = 9FB75A882982B65B00759F0F /* eADetector.app */;
			productType = "com.apple.product-type.application";
		};
/* End PBXNativeTarget section */

/* Begin PBXProject section */
		9FB75A802982B65B00759F0F /* Project object */ = {
			isa = PBXProject;
			attributes = {
				BuildIndependentTargetsInParallel = 1;
				LastSwiftUpdateCheck = 1410;
				LastUpgradeCheck = 1420;
				TargetAttributes = {
					9FB75A872982B65B00759F0F = {
						CreatedOnToolsVersion = 14.1;
					};
				};
			};
			buildConfigurationList = 9FB75A832982B65B00759F0F /* Build configuration list for PBXProject "eADetector" */;
			compatibilityVersion = "Xcode 14.0";
			developmentRegion = en;
			hasScannedForEncodings = 0;
			knownRegions = (
				en,
				Base,
			);
			mainGroup = 9FB75A7F2982B65B00759F0F;
			packageReferences = (
				9F6F1A7829B19FBE007F70D5 /* XCRemoteSwiftPackageReference "ChartView" */,
				9F72C8DA29CA015F00CB5D0B /* XCRemoteSwiftPackageReference "firebase-ios-sdk" */,
			);
			productRefGroup = 9FB75A892982B65B00759F0F /* Products */;
			projectDirPath = "";
			projectRoot = "";
			targets = (
				9FB75A872982B65B00759F0F /* eADetector */,
			);
		};
/* End PBXProject section */

/* Begin PBXResourcesBuildPhase section */
		9FB75A862982B65B00759F0F /* Resources */ = {
			isa = PBXResourcesBuildPhase;
			buildActionMask = 2147483647;
			files = (
				9FB75A942982B65C00759F0F /* Preview Assets.xcassets in Resources */,
				5728AD6029D23F9400719A14 /* GoogleService-Info.plist in Resources */,
				9FB75A902982B65C00759F0F /* Assets.xcassets in Resources */,
			);
			runOnlyForDeploymentPostprocessing = 0;
		};
/* End PBXResourcesBuildPhase section */

/* Begin PBXSourcesBuildPhase section */
		9FB75A842982B65B00759F0F /* Sources */ = {
			isa = PBXSourcesBuildPhase;
			buildActionMask = 2147483647;
			files = (
				9FB75A9B2982BBD900759F0F /* LoginView.swift in Sources */,
				9F6F1A8429B67EAF007F70D5 /* AgeStep.swift in Sources */,
				9F2461C5298445400060574F /* DashBoardView.swift in Sources */,
				9F6F1A7F29B67C77007F70D5 /* Onboarding.swift in Sources */,
				9F6F1A7C29B245CC007F70D5 /* ActivityFullView.swift in Sources */,
				9F2461CE2984A2A70060574F /* styles.swift in Sources */,
				9F2461BD298422A70060574F /* auth.swift in Sources */,
				9F2461C72984460E0060574F /* StatisticsView.swift in Sources */,
				9F2461D72984C57E0060574F /* Activity.swift in Sources */,
				57CFCD8529EDFF4100D66ED4 /* SAGETest.swift in Sources */,
				9F2461C9298446250060574F /* SettingsView.swift in Sources */,
				9F2461C1298431520060574F /* SignUpView.swift in Sources */,
				9F2461D92984C81A0060574F /* ActivityViewModel.swift in Sources */,
				9F6F1A8229B67E17007F70D5 /* InfoStep.swift in Sources */,
				9F2461D52984C5340060574F /* HealthStat.swift in Sources */,
				9FB75A9D2982BFFE00759F0F /* MainView.swift in Sources */,
				9F2461D32984B4030060574F /* ActivityView.swift in Sources */,
				9FB75A8E2982B65B00759F0F /* ContentView.swift in Sources */,
				57CFCD8329EDD68100D66ED4 /* ReactionTest.swift in Sources */,
				9FB75A8C2982B65B00759F0F /* eADetectorApp.swift in Sources */,
				9F6F1A7229AD5EF1007F70D5 /* ProfileView.swift in Sources */,
				5728AD6229D2400400719A14 /* CardView.swift in Sources */,
				9F2461D02984B3650060574F /* Step.swift in Sources */,
				9F6F1A8A29B6AD54007F70D5 /* MetricDetail.swift in Sources */,
				57CFCD8129EDD1AB00D66ED4 /* TestsView.swift in Sources */,
				9F2461CC298458EF0060574F /* HealthStore.swift in Sources */,
				9F6F1A8829B6A4E9007F70D5 /* SummaryStep.swift in Sources */,
				9F6F1A8629B67F6C007F70D5 /* FamilyHistoryStep.swift in Sources */,
			);
			runOnlyForDeploymentPostprocessing = 0;
		};
/* End PBXSourcesBuildPhase section */

/* Begin XCBuildConfiguration section */
		9FB75A952982B65C00759F0F /* Debug */ = {
			isa = XCBuildConfiguration;
			buildSettings = {
				ALWAYS_SEARCH_USER_PATHS = NO;
				CLANG_ANALYZER_NONNULL = YES;
				CLANG_ANALYZER_NUMBER_OBJECT_CONVERSION = YES_AGGRESSIVE;
				CLANG_CXX_LANGUAGE_STANDARD = "gnu++20";
				CLANG_ENABLE_MODULES = YES;
				CLANG_ENABLE_OBJC_ARC = YES;
				CLANG_ENABLE_OBJC_WEAK = YES;
				CLANG_WARN_BLOCK_CAPTURE_AUTORELEASING = YES;
				CLANG_WARN_BOOL_CONVERSION = YES;
				CLANG_WARN_COMMA = YES;
				CLANG_WARN_CONSTANT_CONVERSION = YES;
				CLANG_WARN_DEPRECATED_OBJC_IMPLEMENTATIONS = YES;
				CLANG_WARN_DIRECT_OBJC_ISA_USAGE = YES_ERROR;
				CLANG_WARN_DOCUMENTATION_COMMENTS = YES;
				CLANG_WARN_EMPTY_BODY = YES;
				CLANG_WARN_ENUM_CONVERSION = YES;
				CLANG_WARN_INFINITE_RECURSION = YES;
				CLANG_WARN_INT_CONVERSION = YES;
				CLANG_WARN_NON_LITERAL_NULL_CONVERSION = YES;
				CLANG_WARN_OBJC_IMPLICIT_RETAIN_SELF = YES;
				CLANG_WARN_OBJC_LITERAL_CONVERSION = YES;
				CLANG_WARN_OBJC_ROOT_CLASS = YES_ERROR;
				CLANG_WARN_QUOTED_INCLUDE_IN_FRAMEWORK_HEADER = YES;
				CLANG_WARN_RANGE_LOOP_ANALYSIS = YES;
				CLANG_WARN_STRICT_PROTOTYPES = YES;
				CLANG_WARN_SUSPICIOUS_MOVE = YES;
				CLANG_WARN_UNGUARDED_AVAILABILITY = YES_AGGRESSIVE;
				CLANG_WARN_UNREACHABLE_CODE = YES;
				CLANG_WARN__DUPLICATE_METHOD_MATCH = YES;
				COPY_PHASE_STRIP = NO;
				DEAD_CODE_STRIPPING = YES;
				DEBUG_INFORMATION_FORMAT = dwarf;
				ENABLE_STRICT_OBJC_MSGSEND = YES;
				ENABLE_TESTABILITY = YES;
				GCC_C_LANGUAGE_STANDARD = gnu11;
				GCC_DYNAMIC_NO_PIC = NO;
				GCC_NO_COMMON_BLOCKS = YES;
				GCC_OPTIMIZATION_LEVEL = 0;
				GCC_PREPROCESSOR_DEFINITIONS = (
					"DEBUG=1",
					"$(inherited)",
				);
				GCC_WARN_64_TO_32_BIT_CONVERSION = YES;
				GCC_WARN_ABOUT_RETURN_TYPE = YES_ERROR;
				GCC_WARN_UNDECLARED_SELECTOR = YES;
				GCC_WARN_UNINITIALIZED_AUTOS = YES_AGGRESSIVE;
				GCC_WARN_UNUSED_FUNCTION = YES;
				GCC_WARN_UNUSED_VARIABLE = YES;
				MTL_ENABLE_DEBUG_INFO = INCLUDE_SOURCE;
				MTL_FAST_MATH = YES;
				ONLY_ACTIVE_ARCH = YES;
				SWIFT_ACTIVE_COMPILATION_CONDITIONS = DEBUG;
				SWIFT_OPTIMIZATION_LEVEL = "-Onone";
			};
			name = Debug;
		};
		9FB75A962982B65C00759F0F /* Release */ = {
			isa = XCBuildConfiguration;
			buildSettings = {
				ALWAYS_SEARCH_USER_PATHS = NO;
				CLANG_ANALYZER_NONNULL = YES;
				CLANG_ANALYZER_NUMBER_OBJECT_CONVERSION = YES_AGGRESSIVE;
				CLANG_CXX_LANGUAGE_STANDARD = "gnu++20";
				CLANG_ENABLE_MODULES = YES;
				CLANG_ENABLE_OBJC_ARC = YES;
				CLANG_ENABLE_OBJC_WEAK = YES;
				CLANG_WARN_BLOCK_CAPTURE_AUTORELEASING = YES;
				CLANG_WARN_BOOL_CONVERSION = YES;
				CLANG_WARN_COMMA = YES;
				CLANG_WARN_CONSTANT_CONVERSION = YES;
				CLANG_WARN_DEPRECATED_OBJC_IMPLEMENTATIONS = YES;
				CLANG_WARN_DIRECT_OBJC_ISA_USAGE = YES_ERROR;
				CLANG_WARN_DOCUMENTATION_COMMENTS = YES;
				CLANG_WARN_EMPTY_BODY = YES;
				CLANG_WARN_ENUM_CONVERSION = YES;
				CLANG_WARN_INFINITE_RECURSION = YES;
				CLANG_WARN_INT_CONVERSION = YES;
				CLANG_WARN_NON_LITERAL_NULL_CONVERSION = YES;
				CLANG_WARN_OBJC_IMPLICIT_RETAIN_SELF = YES;
				CLANG_WARN_OBJC_LITERAL_CONVERSION = YES;
				CLANG_WARN_OBJC_ROOT_CLASS = YES_ERROR;
				CLANG_WARN_QUOTED_INCLUDE_IN_FRAMEWORK_HEADER = YES;
				CLANG_WARN_RANGE_LOOP_ANALYSIS = YES;
				CLANG_WARN_STRICT_PROTOTYPES = YES;
				CLANG_WARN_SUSPICIOUS_MOVE = YES;
				CLANG_WARN_UNGUARDED_AVAILABILITY = YES_AGGRESSIVE;
				CLANG_WARN_UNREACHABLE_CODE = YES;
				CLANG_WARN__DUPLICATE_METHOD_MATCH = YES;
				COPY_PHASE_STRIP = NO;
				DEAD_CODE_STRIPPING = YES;
				DEBUG_INFORMATION_FORMAT = "dwarf-with-dsym";
				ENABLE_NS_ASSERTIONS = NO;
				ENABLE_STRICT_OBJC_MSGSEND = YES;
				GCC_C_LANGUAGE_STANDARD = gnu11;
				GCC_NO_COMMON_BLOCKS = YES;
				GCC_WARN_64_TO_32_BIT_CONVERSION = YES;
				GCC_WARN_ABOUT_RETURN_TYPE = YES_ERROR;
				GCC_WARN_UNDECLARED_SELECTOR = YES;
				GCC_WARN_UNINITIALIZED_AUTOS = YES_AGGRESSIVE;
				GCC_WARN_UNUSED_FUNCTION = YES;
				GCC_WARN_UNUSED_VARIABLE = YES;
				MTL_ENABLE_DEBUG_INFO = NO;
				MTL_FAST_MATH = YES;
				SWIFT_COMPILATION_MODE = wholemodule;
				SWIFT_OPTIMIZATION_LEVEL = "-O";
			};
			name = Release;
		};
		9FB75A982982B65C00759F0F /* Debug */ = {
			isa = XCBuildConfiguration;
			buildSettings = {
				ASSETCATALOG_COMPILER_APPICON_NAME = AppIcon;
				ASSETCATALOG_COMPILER_GLOBAL_ACCENT_COLOR_NAME = AccentColor;
				CODE_SIGN_ENTITLEMENTS = eADetector/eADetector.entitlements;
				CODE_SIGN_IDENTITY = "-";
				"CODE_SIGN_IDENTITY[sdk=iphoneos*]" = "Apple Development";
				"CODE_SIGN_IDENTITY[sdk=macosx*]" = "Apple Development";
				CODE_SIGN_STYLE = Automatic;
				CURRENT_PROJECT_VERSION = 1;
				DEAD_CODE_STRIPPING = YES;
				DEVELOPMENT_ASSET_PATHS = "\"eADetector/Preview Content\"";
				DEVELOPMENT_TEAM = S37MMLVUL5;
				ENABLE_HARDENED_RUNTIME = YES;
				ENABLE_PREVIEWS = YES;
				GENERATE_INFOPLIST_FILE = YES;
				INFOPLIST_KEY_NSHealthClinicalHealthRecordsShareUsageDescription = "Access to health records";
				INFOPLIST_KEY_NSHealthShareUsageDescription = "Access to health records";
				"INFOPLIST_KEY_UIApplicationSceneManifest_Generation[sdk=iphoneos*]" = YES;
				"INFOPLIST_KEY_UIApplicationSceneManifest_Generation[sdk=iphonesimulator*]" = YES;
				"INFOPLIST_KEY_UIApplicationSupportsIndirectInputEvents[sdk=iphoneos*]" = YES;
				"INFOPLIST_KEY_UIApplicationSupportsIndirectInputEvents[sdk=iphonesimulator*]" = YES;
				"INFOPLIST_KEY_UILaunchScreen_Generation[sdk=iphoneos*]" = YES;
				"INFOPLIST_KEY_UILaunchScreen_Generation[sdk=iphonesimulator*]" = YES;
				"INFOPLIST_KEY_UIStatusBarStyle[sdk=iphoneos*]" = UIStatusBarStyleDefault;
				"INFOPLIST_KEY_UIStatusBarStyle[sdk=iphonesimulator*]" = UIStatusBarStyleDefault;
				INFOPLIST_KEY_UISupportedInterfaceOrientations_iPad = "UIInterfaceOrientationPortrait UIInterfaceOrientationPortraitUpsideDown UIInterfaceOrientationLandscapeLeft UIInterfaceOrientationLandscapeRight";
				INFOPLIST_KEY_UISupportedInterfaceOrientations_iPhone = "UIInterfaceOrientationPortrait UIInterfaceOrientationLandscapeLeft UIInterfaceOrientationLandscapeRight";
				IPHONEOS_DEPLOYMENT_TARGET = 16.1;
				LD_RUNPATH_SEARCH_PATHS = "@executable_path/Frameworks";
				"LD_RUNPATH_SEARCH_PATHS[sdk=macosx*]" = "@executable_path/../Frameworks";
				MACOSX_DEPLOYMENT_TARGET = 13.0;
				MARKETING_VERSION = 1.0;
				PRODUCT_BUNDLE_IDENTIFIER = eADetector.sidhu;
				PRODUCT_NAME = "$(TARGET_NAME)";
				SDKROOT = auto;
				SUPPORTED_PLATFORMS = "iphoneos iphonesimulator macosx";
				SWIFT_EMIT_LOC_STRINGS = YES;
				SWIFT_VERSION = 5.0;
				TARGETED_DEVICE_FAMILY = "1,2";
			};
			name = Debug;
		};
		9FB75A992982B65C00759F0F /* Release */ = {
			isa = XCBuildConfiguration;
			buildSettings = {
				ASSETCATALOG_COMPILER_APPICON_NAME = AppIcon;
				ASSETCATALOG_COMPILER_GLOBAL_ACCENT_COLOR_NAME = AccentColor;
				CODE_SIGN_ENTITLEMENTS = eADetector/eADetector.entitlements;
				CODE_SIGN_IDENTITY = "-";
				"CODE_SIGN_IDENTITY[sdk=iphoneos*]" = "Apple Development";
				"CODE_SIGN_IDENTITY[sdk=macosx*]" = "Apple Development";
				CODE_SIGN_STYLE = Automatic;
				CURRENT_PROJECT_VERSION = 1;
				DEAD_CODE_STRIPPING = YES;
				DEVELOPMENT_ASSET_PATHS = "\"eADetector/Preview Content\"";
				DEVELOPMENT_TEAM = S37MMLVUL5;
				ENABLE_HARDENED_RUNTIME = YES;
				ENABLE_PREVIEWS = YES;
				GENERATE_INFOPLIST_FILE = YES;
				INFOPLIST_KEY_NSHealthClinicalHealthRecordsShareUsageDescription = "Access to health records";
				INFOPLIST_KEY_NSHealthShareUsageDescription = "Access to health records";
				"INFOPLIST_KEY_UIApplicationSceneManifest_Generation[sdk=iphoneos*]" = YES;
				"INFOPLIST_KEY_UIApplicationSceneManifest_Generation[sdk=iphonesimulator*]" = YES;
				"INFOPLIST_KEY_UIApplicationSupportsIndirectInputEvents[sdk=iphoneos*]" = YES;
				"INFOPLIST_KEY_UIApplicationSupportsIndirectInputEvents[sdk=iphonesimulator*]" = YES;
				"INFOPLIST_KEY_UILaunchScreen_Generation[sdk=iphoneos*]" = YES;
				"INFOPLIST_KEY_UILaunchScreen_Generation[sdk=iphonesimulator*]" = YES;
				"INFOPLIST_KEY_UIStatusBarStyle[sdk=iphoneos*]" = UIStatusBarStyleDefault;
				"INFOPLIST_KEY_UIStatusBarStyle[sdk=iphonesimulator*]" = UIStatusBarStyleDefault;
				INFOPLIST_KEY_UISupportedInterfaceOrientations_iPad = "UIInterfaceOrientationPortrait UIInterfaceOrientationPortraitUpsideDown UIInterfaceOrientationLandscapeLeft UIInterfaceOrientationLandscapeRight";
				INFOPLIST_KEY_UISupportedInterfaceOrientations_iPhone = "UIInterfaceOrientationPortrait UIInterfaceOrientationLandscapeLeft UIInterfaceOrientationLandscapeRight";
				IPHONEOS_DEPLOYMENT_TARGET = 16.1;
				LD_RUNPATH_SEARCH_PATHS = "@executable_path/Frameworks";
				"LD_RUNPATH_SEARCH_PATHS[sdk=macosx*]" = "@executable_path/../Frameworks";
				MACOSX_DEPLOYMENT_TARGET = 13.0;
				MARKETING_VERSION = 1.0;
				PRODUCT_BUNDLE_IDENTIFIER = eADetector.sidhu;
				PRODUCT_NAME = "$(TARGET_NAME)";
				SDKROOT = auto;
				SUPPORTED_PLATFORMS = "iphoneos iphonesimulator macosx";
				SWIFT_EMIT_LOC_STRINGS = YES;
				SWIFT_VERSION = 5.0;
				TARGETED_DEVICE_FAMILY = "1,2";
			};
			name = Release;
		};
/* End XCBuildConfiguration section */

/* Begin XCConfigurationList section */
		9FB75A832982B65B00759F0F /* Build configuration list for PBXProject "eADetector" */ = {
			isa = XCConfigurationList;
			buildConfigurations = (
				9FB75A952982B65C00759F0F /* Debug */,
				9FB75A962982B65C00759F0F /* Release */,
			);
			defaultConfigurationIsVisible = 0;
			defaultConfigurationName = Release;
		};
		9FB75A972982B65C00759F0F /* Build configuration list for PBXNativeTarget "eADetector" */ = {
			isa = XCConfigurationList;
			buildConfigurations = (
				9FB75A982982B65C00759F0F /* Debug */,
				9FB75A992982B65C00759F0F /* Release */,
			);
			defaultConfigurationIsVisible = 0;
			defaultConfigurationName = Release;
		};
/* End XCConfigurationList section */

/* Begin XCRemoteSwiftPackageReference section */
		9F6F1A7829B19FBE007F70D5 /* XCRemoteSwiftPackageReference "ChartView" */ = {
			isa = XCRemoteSwiftPackageReference;
			repositoryURL = "https://github.com/AppPear/ChartView";
			requirement = {
				kind = upToNextMajorVersion;
				minimumVersion = 1.0.0;
			};
		};
		9F72C8DA29CA015F00CB5D0B /* XCRemoteSwiftPackageReference "firebase-ios-sdk" */ = {
			isa = XCRemoteSwiftPackageReference;
			repositoryURL = "https://github.com/firebase/firebase-ios-sdk";
			requirement = {
				kind = upToNextMajorVersion;
				minimumVersion = 9.0.0;
			};
		};
/* End XCRemoteSwiftPackageReference section */

/* Begin XCSwiftPackageProductDependency section */
		9F6F1A7929B19FBE007F70D5 /* SwiftUICharts */ = {
			isa = XCSwiftPackageProductDependency;
			package = 9F6F1A7829B19FBE007F70D5 /* XCRemoteSwiftPackageReference "ChartView" */;
			productName = SwiftUICharts;
		};
		9F72C8DB29CA015F00CB5D0B /* FirebaseAnalytics */ = {
			isa = XCSwiftPackageProductDependency;
			package = 9F72C8DA29CA015F00CB5D0B /* XCRemoteSwiftPackageReference "firebase-ios-sdk" */;
			productName = FirebaseAnalytics;
		};
		9F72C8DD29CA015F00CB5D0B /* FirebaseAnalyticsSwift */ = {
			isa = XCSwiftPackageProductDependency;
			package = 9F72C8DA29CA015F00CB5D0B /* XCRemoteSwiftPackageReference "firebase-ios-sdk" */;
			productName = FirebaseAnalyticsSwift;
		};
		9F72C8DF29CA015F00CB5D0B /* FirebaseAuth */ = {
			isa = XCSwiftPackageProductDependency;
			package = 9F72C8DA29CA015F00CB5D0B /* XCRemoteSwiftPackageReference "firebase-ios-sdk" */;
			productName = FirebaseAuth;
		};
		9F72C8E129CA015F00CB5D0B /* FirebaseDatabase */ = {
			isa = XCSwiftPackageProductDependency;
			package = 9F72C8DA29CA015F00CB5D0B /* XCRemoteSwiftPackageReference "firebase-ios-sdk" */;
			productName = FirebaseDatabase;
		};
		9F72C8E329CA015F00CB5D0B /* FirebaseDatabaseSwift */ = {
			isa = XCSwiftPackageProductDependency;
			package = 9F72C8DA29CA015F00CB5D0B /* XCRemoteSwiftPackageReference "firebase-ios-sdk" */;
			productName = FirebaseDatabaseSwift;
		};
		9F72C8E529CA015F00CB5D0B /* FirebaseFirestore */ = {
			isa = XCSwiftPackageProductDependency;
			package = 9F72C8DA29CA015F00CB5D0B /* XCRemoteSwiftPackageReference "firebase-ios-sdk" */;
			productName = FirebaseFirestore;
		};
		9F72C8E729CA015F00CB5D0B /* FirebaseFirestoreSwift */ = {
			isa = XCSwiftPackageProductDependency;
			package = 9F72C8DA29CA015F00CB5D0B /* XCRemoteSwiftPackageReference "firebase-ios-sdk" */;
			productName = FirebaseFirestoreSwift;
		};
		9F72C8E929CA015F00CB5D0B /* FirebaseFunctions */ = {
			isa = XCSwiftPackageProductDependency;
			package = 9F72C8DA29CA015F00CB5D0B /* XCRemoteSwiftPackageReference "firebase-ios-sdk" */;
			productName = FirebaseFunctions;
		};
		9F72C8EB29CA015F00CB5D0B /* FirebaseStorage */ = {
			isa = XCSwiftPackageProductDependency;
			package = 9F72C8DA29CA015F00CB5D0B /* XCRemoteSwiftPackageReference "firebase-ios-sdk" */;
			productName = FirebaseStorage;
		};
/* End XCSwiftPackageProductDependency section */
	};
	rootObject = 9FB75A802982B65B00759F0F /* Project object */;
}
